
Microsoft Visual Studio Solution File, Format Version 12.00
# Visual Studio Version 16
VisualStudioVersion = 16.0.31702.278
MinimumVisualStudioVersion = 10.0.40219.1
Project("{FAE04EC0-301F-11D3-BF4B-00C04F79EFBC}") = "Nave", "WindowsFormsApp1\Nave.csproj", "{887327AF-4322-48E8-A0FF-391C7ED3FFD5}"
EndProject
Global
	GlobalSection(SolutionConfigurationPlatforms) = preSolution
		Debug|Any CPU = Debug|Any CPU
		Release|Any CPU = Release|Any CPU
	EndGlobalSection
	GlobalSection(ProjectConfigurationPlatforms) = postSolution
		{887327AF-4322-48E8-A0FF-391C7ED3FFD5}.Debug|Any CPU.ActiveCfg = Debug|Any CPU
		{887327AF-4322-48E8-A0FF-391C7ED3FFD5}.Debug|Any CPU.Build.0 = Debug|Any CPU
		{887327AF-4322-48E8-A0FF-391C7ED3FFD5}.Release|Any CPU.ActiveCfg = Release|Any CPU
		{887327AF-4322-48E8-A0FF-391C7ED3FFD5}.Release|Any CPU.Build.0 = Release|Any CPU
	EndGlobalSection
	GlobalSection(SolutionProperties) = preSolution
		HideSolutionNode = FALSE
	EndGlobalSection
	GlobalSection(ExtensibilityGlobals) = postSolution
		SolutionGuid = {3F592F19-1D73-4843-A72C-14D7B0C2A802}
	EndGlobalSection
EndGlobal
